<?xml version="1.0" encoding="UTF-8" standalone="yes" ?>
<CodeBlocks_project_file>
	<FileVersion major="1" minor="6" />
	<Project>
		<Option title="minecrap" />
		<Option pch_mode="2" />
		<Option compiler="gcc" />
		<Build>
			<Target title="Debug">
				<Option output="bin/Debug/minecrap" prefix_auto="1" extension_auto="1" />
				<Option object_output="obj/Debug/" />
				<Option type="1" />
				<Option compiler="gcc" />
				<Compiler>
					<Add option="-g" />
					<Add directory="C:/Users/Mauricio/Desktop/Juan Pablo/SFML-2.5.1/include" />
				</Compiler>
				<Linker>
					<Add library="sfml-graphics-d" />
					<Add library="sfml-window-d" />
					<Add library="sfml-system-d" />
					<Add library="lib/bass.lib" />
					<Add directory="C:/Users/Mauricio/Desktop/Juan Pablo/SFML-2.5.1/lib" />
				</Linker>
			</Target>
		</Build>
		<Compiler>
			<Add option="-Wall" />
			<Add directory="F:/SFML-2.5.1/include" />
		</Compiler>
		<Linker>
			<Add library="mingw32" />
			<Add library="user32" />
			<Add library="gdi32" />
			<Add library="winmm" />
			<Add library="dxguid" />
			<Add directory="F:/SFML-2.5.1/lib" />
		</Linker>
		<Unit filename="animated_sprite.cpp" />
		<Unit filename="animated_sprite.h" />
		<Unit filename="controls.cpp" />
		<Unit filename="controls.h" />
		<Unit filename="game/block.cpp" />
		<Unit filename="game/block.h" />
		<Unit filename="game/chunk.cpp" />
		<Unit filename="game/chunk.h" />
		<Unit filename="game/entities/falling_block.cpp" />
		<Unit filename="game/entities/falling_block.h" />
		<Unit filename="game/entities/particle.cpp" />
		<Unit filename="game/entities/particle.h" />
		<Unit filename="game/entities/particles/explosion.cpp" />
		<Unit filename="game/entities/particles/explosion.h" />
		<Unit filename="game/entities/tnt.cpp" />
		<Unit filename="game/entities/tnt.h" />
		<Unit filename="game/entity.cpp" />
		<Unit filename="game/entity.h" />
		<Unit filename="game/player.cpp" />
		<Unit filename="game/player.h" />
		<Unit filename="game/world.cpp" />
		<Unit filename="game/world.h" />
		<Unit filename="game_engine.cpp" />
		<Unit filename="game_engine.h" />
		<Unit filename="game_state.h" />
		<Unit filename="gui/button.cpp" />
		<Unit filename="gui/button.h" />
		<Unit filename="gui/itemlist.cpp" />
		<Unit filename="gui/itemlist.h" />
		<Unit filename="gui/label.cpp" />
		<Unit filename="gui/label.h" />
		<Unit filename="gui/slider.cpp" />
		<Unit filename="gui/slider.h" />
		<Unit filename="gui/textinput.cpp" />
		<Unit filename="gui/textinput.h" />
		<Unit filename="icon.rc">
			<Option compilerVar="WINDRES" />
		</Unit>
		<Unit filename="ingame_gui.cpp" />
		<Unit filename="ingame_gui.h" />
		<Unit filename="ingame_state.cpp" />
		<Unit filename="ingame_state.h" />
		<Unit filename="main.cpp" />
		<Unit filename="menu_state.cpp" />
		<Unit filename="menu_state.h" />
		<Unit filename="paused_state.cpp" />
		<Unit filename="paused_state.h" />
		<Unit filename="settings_manager.cpp" />
		<Unit filename="settings_manager.h" />
		<Unit filename="sound.cpp" />
		<Unit filename="sound.h" />
		<Extensions>
			<code_completion />
			<envvars />
			<debugger />
		</Extensions>
	</Project>
</CodeBlocks_project_file>
