<?xml version="1.0" encoding="UTF-8" standalone="yes" ?>
<CodeBlocks_project_file>
	<FileVersion major="1" minor="6" />
	<Project>
		<Option title="minecrap" />
		<Option pch_mode="2" />
		<Option compiler="gcc" />
		<Build>
			<Target title="Windows Debug">
				<Option output="bin/Debug/minecrap" prefix_auto="1" extension_auto="1" />
				<Option object_output="obj/Debug/" />
				<Option type="1" />
				<Option compiler="gcc" />
				<Compiler>
					<Add option="-g" />
				</Compiler>
				<Linker>
					<Add option="-static-libstdc++" />
					<Add option="-static-libgcc" />
					<Add option="-static" />
					<Add library="opengl32" />
					<Add library="gdi32" />
					<Add library="winmm" />
					<Add directory="lib/windows" />
				</Linker>
				<ExtraCommands>
					<Add after="xcopy /E /I /Y data $(TARGET_OUTPUT_DIR)data" />
					<Add after="xcopy /Y lib\windows\bass.dll $(TARGET_OUTPUT_DIR)bass.dll*" />
				</ExtraCommands>
			</Target>
			<Target title="Windows Release">
				<Option output="bin/Release/minecrap" prefix_auto="1" extension_auto="1" />
				<Option object_output="obj/Release/" />
				<Option type="1" />
				<Option compiler="gcc" />
				<Linker>
					<Add option="-static-libstdc++" />
					<Add option="-static-libgcc" />
					<Add option="-static" />
					<Add library="opengl32" />
					<Add library="gdi32" />
					<Add library="winmm" />
					<Add directory="lib/windows" />
				</Linker>
				<ExtraCommands>
					<Add after="xcopy /E /I /Y data $(TARGET_OUTPUT_DIR)data" />
					<Add after="xcopy /Y lib\windows\bass.dll $(TARGET_OUTPUT_DIR)bass.dll*" />
				</ExtraCommands>
			</Target>
			<Target title="Unix/Linux Debug">
				<Option output="bin/Debug/minecrap" prefix_auto="1" extension_auto="1" />
				<Option object_output="obj/Debug/" />
				<Option type="1" />
				<Option compiler="gcc" />
				<Compiler>
					<Add option="-g" />
				</Compiler>
				<Linker>
					<Add option="-Wl,-rpath,." />
					<Add library="dl" />
					<Add library="pthread" />
					<Add library="udev" />
					<Add library="X11" />
					<Add library="Xrandr" />
					<Add library="Xcursor" />
					<Add directory="lib/linux" />
				</Linker>
				<ExtraCommands>
					<Add after="cp -r data $(TARGET_OUTPUT_DIR)data" />
					<Add after="cp lib/linux/libbass.so $(TARGET_OUTPUT_DIR)libbass.so" />
				</ExtraCommands>
			</Target>
			<Target title="Unix/Linux Release">
				<Option output="bin/Release/minecrap" prefix_auto="1" extension_auto="1" />
				<Option object_output="obj/Release/" />
				<Option type="1" />
				<Option compiler="gcc" />
				<Linker>
					<Add option="-Wl,-rpath,." />
					<Add library="dl" />
					<Add library="pthread" />
					<Add library="udev" />
					<Add library="X11" />
					<Add library="Xrandr" />
					<Add library="Xcursor" />
					<Add directory="lib/linux" />
				</Linker>
				<ExtraCommands>
					<Add after="cp -r data $(TARGET_OUTPUT_DIR)data" />
					<Add after="cp lib/linux/libbass.so $(TARGET_OUTPUT_DIR)libbass.so" />
				</ExtraCommands>
			</Target>
		</Build>
		<Compiler>
			<Add option="-Wall" />
			<Add option="-DSFML_STATIC" />
			<Add directory="sfml/include" />
		</Compiler>
		<Linker>
			<Add library="sfml-graphics-s" />
			<Add library="sfml-window-s" />
			<Add library="sfml-system-s" />
			<Add library="freetype" />
			<Add library="bass" />
			<Add library="z" />
			<Add directory="sfml/build/lib" />
			<Add directory="sfml/lib" />
		</Linker>
		<Unit filename="animated_sprite.cpp" />
		<Unit filename="animated_sprite.h" />
		<Unit filename="controls.cpp" />
		<Unit filename="controls.h" />
		<Unit filename="game/block.cpp" />
		<Unit filename="game/block.h" />
		<Unit filename="game/chunk.cpp" />
		<Unit filename="game/chunk.h" />
		<Unit filename="game/entities/falling_block.cpp" />
		<Unit filename="game/entities/falling_block.h" />
		<Unit filename="game/entities/particle.cpp" />
		<Unit filename="game/entities/particle.h" />
		<Unit filename="game/entities/particles/explosion.cpp" />
		<Unit filename="game/entities/particles/explosion.h" />
		<Unit filename="game/entities/tnt.cpp" />
		<Unit filename="game/entities/tnt.h" />
		<Unit filename="game/entity.cpp" />
		<Unit filename="game/entity.h" />
		<Unit filename="game/player.cpp" />
		<Unit filename="game/player.h" />
		<Unit filename="game/world.cpp" />
		<Unit filename="game/world.h" />
		<Unit filename="game_engine.cpp" />
		<Unit filename="game_engine.h" />
		<Unit filename="game_state.cpp" />
		<Unit filename="game_state.h" />
		<Unit filename="gui/button.cpp" />
		<Unit filename="gui/button.h" />
		<Unit filename="gui/defs.h" />
		<Unit filename="gui/itemlist.cpp" />
		<Unit filename="gui/itemlist.h" />
		<Unit filename="gui/label.cpp" />
		<Unit filename="gui/label.h" />
		<Unit filename="gui/slider.cpp" />
		<Unit filename="gui/slider.h" />
		<Unit filename="gui/textinput.cpp" />
		<Unit filename="gui/textinput.h" />
		<Unit filename="icon.rc">
			<Option compilerVar="WINDRES" />
		</Unit>
		<Unit filename="ingame_gui.cpp" />
		<Unit filename="ingame_gui.h" />
		<Unit filename="ingame_state.cpp" />
		<Unit filename="ingame_state.h" />
		<Unit filename="main.cpp" />
		<Unit filename="menu_state.cpp" />
		<Unit filename="menu_state.h" />
		<Unit filename="paused_state.cpp" />
		<Unit filename="paused_state.h" />
		<Unit filename="settings_manager.cpp" />
		<Unit filename="settings_manager.h" />
		<Unit filename="sound.cpp" />
		<Unit filename="sound.h" />
		<Unit filename="submenus/create_world.cpp" />
		<Unit filename="submenus/create_world.h" />
		<Unit filename="submenus/delete_world.cpp" />
		<Unit filename="submenus/delete_world.h" />
		<Unit filename="submenus/rename_world.cpp" />
		<Unit filename="submenus/rename_world.h" />
		<Unit filename="submenus/singleplayer.cpp" />
		<Unit filename="submenus/singleplayer.h" />
		<Unit filename="submenus/submenu.cpp" />
		<Unit filename="submenus/submenu.h" />
		<Unit filename="submenus/title_screen.cpp" />
		<Unit filename="submenus/title_screen.h" />
		<Extensions>
			<code_completion />
			<envvars />
			<debugger />
		</Extensions>
	</Project>
</CodeBlocks_project_file>
